Microsoft Visual Studio Solution File, Format Version 12.00
# Visual Studio 2012
Project("{FAE04EC0-301F-11D3-BF4B-00C04F79EFBC}") = "NeonBreak", "NeonBreak.csproj", "{6A297480-D8CB-4209-A387-BB6DF31C0625}"
EndProject
Global
	GlobalSection(SolutionConfigurationPlatforms) = preSolution
	Debug|Any CPU = Debug|Any CPU
	ExportDebug|Any CPU = ExportDebug|Any CPU
	ExportRelease|Any CPU = ExportRelease|Any CPU
	EndGlobalSection
	GlobalSection(ProjectConfigurationPlatforms) = postSolution
		{6A297480-D8CB-4209-A387-BB6DF31C0625}.Debug|Any CPU.ActiveCfg = Debug|Any CPU
		{6A297480-D8CB-4209-A387-BB6DF31C0625}.Debug|Any CPU.Build.0 = Debug|Any CPU
		{6A297480-D8CB-4209-A387-BB6DF31C0625}.ExportDebug|Any CPU.ActiveCfg = ExportDebug|Any CPU
		{6A297480-D8CB-4209-A387-BB6DF31C0625}.ExportDebug|Any CPU.Build.0 = ExportDebug|Any CPU
		{6A297480-D8CB-4209-A387-BB6DF31C0625}.ExportRelease|Any CPU.ActiveCfg = ExportRelease|Any CPU
		{6A297480-D8CB-4209-A387-BB6DF31C0625}.ExportRelease|Any CPU.Build.0 = ExportRelease|Any CPU
	EndGlobalSection
EndGlobal
